github.com/cybergarage/go-cbor v1.3.2 h1:2XMRZcklxQn8OPXrKbtEEXSs+cw/YTqwBH7iu4YcWBQ=
github.com/cybergarage/go-cbor v1.3.2/go.mod h1:cook89Gbmskra2R73QogBAfPqVSYJE7tlY9M25uaVfI=
github.com/cybergarage/go-pict v1.0.1 h1:NhCs2D2KFZLak06KJw6w8QMb83ijK9BpQvS/jwenR1s=
github.com/cybergarage/go-pict v1.0.1/go.mod h1:nIEr3FrSaTzrZRTIyTQ/pulaUWPf6TXNEN5RtwhCfI0=
github.com/cybergarage/go-pict v1.0.2-0.20251123022426-8cbb4d239e49 h1:eyQUbLGcXSE7s6X0IobhYo9F7JgjOuOd8QfjvVMkMZ8=
github.com/cybergarage/go-pict v1.0.2-0.20251123022426-8cbb4d239e49/go.mod h1:V3pE+0o356HvEUehi9VeNKNuf2jsikQ/qu5YrTD0XDI=
github.com/cybergarage/go-pict v1.0.2-0.20251123070820-62f46e08d3ea h1:ruQas3d9iyrvojgocE52fktwkXJ0IUKhBy7It3OANyA=
github.com/cybergarage/go-pict v1.0.2-0.20251123070820-62f46e08d3ea/go.mod h1:V3pE+0o356HvEUehi9VeNKNuf2jsikQ/qu5YrTD0XDI=
github.com/cybergarage/go-safecast v1.3.4 h1:gy0MwfrG+o56GeaJu7/5FB6Pubqm6ZGzg50ebvZbSvM=
github.com/cybergarage/go-safecast v1.3.4/go.mod h1:flFLUrI49kNK+U7ZeQDQxbaxxQyFVQGKpT7KYN3A4ew=
github.com/cybergarage/go-safecast v1.3.5-0.20251122164345-a7f23067abe7 h1:pmm+3+2nArLs8Hn642pAu4F2tZZhFB0DUgUO/0btHxM=
github.com/cybergarage/go-safecast v1.3.5-0.20251122164345-a7f23067abe7/go.mod h1:1Ds38TLydkKlIe7hXG3Zy/I1JmwaN9OuWLP0psFi3X0=
github.com/cybergarage/go-safecast v1.3.5-0.20251123044548-652b5bdb7759 h1:I1Jj6yOliJiFDj9wjCuhZko7dKjPdIpEBwrqlhyZ/t8=
github.com/cybergarage/go-safecast v1.3.5-0.20251123044548-652b5bdb7759/go.mod h1:1Ds38TLydkKlIe7hXG3Zy/I1JmwaN9OuWLP0psFi3X0=
