github.com/cybergarage/go-cbor v1.3.2 h1:2XMRZcklxQn8OPXrKbtEEXSs+cw/YTqwBH7iu4YcWBQ=
github.com/cybergarage/go-cbor v1.3.2/go.mod h1:cook89Gbmskra2R73QogBAfPqVSYJE7tlY9M25uaVfI=
github.com/cybergarage/go-pict v1.0.2 h1:zDRXx1Uy4GX+SsDIt49GjaaLSqv2biJNPUmffpxssQI=
github.com/cybergarage/go-pict v1.0.2/go.mod h1:eeEV4Pti9HwcrOrbUygpCu4j9F5I1cny8FHpBzkkyJ0=
github.com/cybergarage/go-safecast v1.3.5 h1:dCroj5TEEhwLVMGCzWQgQLBrtbSWTb8JNw/8UQMtt1E=
github.com/cybergarage/go-safecast v1.3.5/go.mod h1:1Ds38TLydkKlIe7hXG3Zy/I1JmwaN9OuWLP0psFi3X0=
